
Microsoft Visual Studio Solution File, Format Version 12.00
# Visual Studio Version 17
VisualStudioVersion = 17.14.36401.2 d17.14
MinimumVisualStudioVersion = 10.0.40219.1
Project("{FAE04EC0-301F-11D3-BF4B-00C04F79EFBC}") = "WebAPIstudentEnrollmentsWithCourse", "WebAPIstudentEnrollmentsWithCourse.csproj", "{A477EA1B-5FB8-45EE-8A31-FC9900E941F4}"
EndProject
Global
	GlobalSection(SolutionConfigurationPlatforms) = preSolution
		Debug|Any CPU = Debug|Any CPU
		Release|Any CPU = Release|Any CPU
	EndGlobalSection
	GlobalSection(ProjectConfigurationPlatforms) = postSolution
		{A477EA1B-5FB8-45EE-8A31-FC9900E941F4}.Debug|Any CPU.ActiveCfg = Debug|Any CPU
		{A477EA1B-5FB8-45EE-8A31-FC9900E941F4}.Debug|Any CPU.Build.0 = Debug|Any CPU
		{A477EA1B-5FB8-45EE-8A31-FC9900E941F4}.Release|Any CPU.ActiveCfg = Release|Any CPU
		{A477EA1B-5FB8-45EE-8A31-FC9900E941F4}.Release|Any CPU.Build.0 = Release|Any CPU
	EndGlobalSection
	GlobalSection(SolutionProperties) = preSolution
		HideSolutionNode = FALSE
	EndGlobalSection
	GlobalSection(ExtensibilityGlobals) = postSolution
		SolutionGuid = {2B531C9B-C895-42BB-A7CA-12A91AD07AB3}
	EndGlobalSection
EndGlobal
